{
    "version": 3,
    "terraform_version": "0.11.11",
    "serial": 1,
    "lineage": "22712e75-6549-1164-8aec-c82fb8f1ebd4",
    "modules": [
        {
            "path": [
                "root"
            ],
            "outputs": {},
            "resources": {
                "google_container_cluster.gke-cluster": {
                    "type": "google_container_cluster",
                    "depends_on": [],
                    "primary": {
                        "id": "gke-cluster-1",
                        "attributes": {
                            "additional_zones.#": "0",
                            "addons_config.#": "1",
                            "addons_config.0.horizontal_pod_autoscaling.#": "0",
                            "addons_config.0.http_load_balancing.#": "0",
                            "addons_config.0.kubernetes_dashboard.#": "1",
                            "addons_config.0.kubernetes_dashboard.0.disabled": "true",
                            "addons_config.0.network_policy_config.#": "1",
                            "addons_config.0.network_policy_config.0.disabled": "true",
                            "cluster_autoscaling.#": "0",
                            "cluster_ipv4_cidr": "10.12.0.0/14",
                            "description": "",
                            "enable_binary_authorization": "false",
                            "enable_kubernetes_alpha": "false",
                            "enable_legacy_abac": "false",
                            "enable_tpu": "false",
                            "endpoint": "146.148.116.9",
                            "id": "gke-cluster-1",
                            "initial_node_count": "3",
                            "instance_group_urls.#": "1",
                            "instance_group_urls.0": "https://www.googleapis.com/compute/v1/projects/clarapcp-ea-ilyas-husein/zones/europe-west1-b/instanceGroups/gke-gke-cluster-1-default-pool-669981f8-grp",
                            "ip_allocation_policy.#": "0",
                            "logging_service": "logging.googleapis.com",
                            "maintenance_policy.#": "0",
                            "master_auth.#": "1",
                            "master_auth.0.client_certificate": "LS0tLS1CRUdJTiBDRVJUSUZJQ0FURS0tLS0tCk1JSUMyakNDQWNLZ0F3SUJBZ0lRTFhmbTlKWFhQaEJHMkh3Ymk0NCt0VEFOQmdrcWhraUc5dzBCQVFzRkFEQXYKTVMwd0t3WURWUVFERXlRMVpUaGlaVFEyWVMweU5tSmpMVFE1WmpNdFlUWmtZUzAzTWpVMFpXSXlZMkZrTmpjdwpIaGNOTVRrd01USTNNREkxTnpBMVdoY05NalF3TVRJMk1ESTFOekExV2pBUk1ROHdEUVlEVlFRREV3WmpiR2xsCmJuUXdnZ0VpTUEwR0NTcUdTSWIzRFFFQkFRVUFBNElCRHdBd2dnRUtBb0lCQVFDWVlYYWRrRU41NE0zSGM0RmkKQkNIMWNsNlBJMVZPamloazRGUHNDWjNwdXd3bXJJV1JYVnpEaDBtUHd4OVpOQnJDRVU0R0g3cEx3clNHNjhQegowQmgzVlQ5enpUWVkzMWlIZTdGbTBIenNNZkV2aldLdVR0SG9FbEtKdnpYU3RQR0t6OTFwWDBLdG9HYWhBV3V6CmFBTDlaTzVHWmsvWmRVaEVCTUJBaDJjUTd3RDVGNjJtZmcwRThNVmFkVEhZcFpraUs5NUdod0tpcmh0NWVMZVIKb211UnBjQ0poTjZtcTYxNUppSGZZVDFKSHlBMURFM3BKOUNGVjY2T0Q0eXAwUjNDTXlIbEZ1ekJBc0lCdTcyZgptaUVxWnNrSUZJYWZ4OXZzbFRQYTYwakFTcllVZ2c1T2pwZ3EyUFpVZGwxenVMRW11MHBrS3MrVjFaNkRDS2lpCmd1a3hBZ01CQUFHakVEQU9NQXdHQTFVZEV3RUIvd1FDTUFBd0RRWUpLb1pJaHZjTkFRRUxCUUFEZ2dFQkFIY0kKZ3ZMamxTSDZXaHZKTU1hUktyelNFYnBkMTFZVmVrZlhDRm1aM2xsYWZCV1FiZDQzbzE1V09sM21EVFc0cXdGaAp1eEJyaTM2TCt6b29ETUlKMjRaaUt0TWozSktaMHpOU0FweTVRRU5ZZXFCVlpHcTFnb1FVbnFMdDYzTjhzTEx0CmVuUTJkZHFWWTNKazBCMEJTcE84eHNCMUVXb3cydWhvQWhPS1BFNU5PQ1ZZVXVHenFYK1U1N0x5KzBMWnRCYzIKajl1Nm5xZFBybFlDMnByQVRUanVxbDhHV3NyeDZ4V1RGUHdMQXFndkFGT0lRcHh4L2ROVU02aXFHTzU2a1RZTgpGTG0vdy9DWWErL3ZoZEQ4QnRBVnpCeTlPSndtSXBHZzJ5T29vMmQ3OEwraEd2a2xsaXVLL0d5Q0F1bXZodHZ2Cm5IQ2JRbXN3MTcwTnllTUVSWVE9Ci0tLS0tRU5EIENFUlRJRklDQVRFLS0tLS0K",
                            "master_auth.0.client_certificate_config.#": "0",
                            "master_auth.0.client_key": "LS0tLS1CRUdJTiBSU0EgUFJJVkFURSBLRVktLS0tLQpNSUlFb2dJQkFBS0NBUUVBbUdGMm5aQkRlZUROeDNPQllnUWg5WEplanlOVlRvNG9aT0JUN0FtZDZic01KcXlGCmtWMWN3NGRKajhNZldUUWF3aEZPQmgrNlM4SzBodXZEODlBWWQxVS9jODAyR045WWgzdXhadEI4N0RIeEw0MWkKcms3UjZCSlNpYjgxMHJUeGlzL2RhVjlDcmFCbW9RRnJzMmdDL1dUdVJtWlAyWFZJUkFUQVFJZG5FTzhBK1JldApwbjROQlBERlduVXgyS1daSWl2ZVJvY0NvcTRiZVhpM2thSnJrYVhBaVlUZXBxdXRlU1loMzJFOVNSOGdOUXhOCjZTZlFoVmV1amcrTXFkRWR3ak1oNVJic3dRTENBYnU5bjVvaEttYkpDQlNHbjhmYjdKVXoydXRJd0VxMkZJSU8KVG82WUt0ajJWSFpkYzdpeEpydEtaQ3JQbGRXZWd3aW9vb0xwTVFJREFRQUJBb0lCQUNCT0dWMlNKaHdDb3QyMApDU3dFZ0VhTzlxa1Y3cEgyNVcxdGVaMUM5SzJHc0M3S3lJNW00ckc1VHNraHJ0VzBqQyswaDN3WTRlQUo2VWZwClYrT3FyR1V3TjRHUGNmYVg4eWJWL0dnMXJ5WkwrRHdDbDNjbzBxdUdwdVQ1R3FvUEhsNDFiMVZWa3NkSWlEbCsKR1oweFllRGlzdmxOMjRQWXIzZHNJbTRMeHJmNS84a1Vudit2L0dKMnY3VlQrQzZ2b2p4bnRCcHI2RWtKUGxtbApPREllOEthUGVwaE9GY3IzQ0lnLy9mT3RLRE4xeURhVFJOb0g4LzU3UGZvYnBhR0hFSW9COVZYZ05rNmJweGJyCmQ2SFgrOFFPdncxOVV2OFF0VWp6eEF4Rk8vK0p4akJJSFZsTEluNWRqNERVSVgzZkNaMjJMUVBkbFRrMlo3bncKUXd4SU9xRUNnWUVBekhaemUrQVkyMjh2NWRCV1dxUlpvQ1R0c1YybStIVmpQejJ6aVNrcFZVTjUyMWUwQnoyMwpQZ0FxdVppbHdnVlhQbER6aDFwNWN6MU9qcEF4cHVCMlkyYnc0bDdXUEFCcS9rVUFKNzZubHJEYnBwK0p6TVJ2CmRaQUk5UW9aWFRuMksyUHFTM0MxNjQ4eHZHSkwrRTV2bWhrTWpwWkplVnZybURzQkZJbjhlblVDZ1lFQXZzcEYKYWVSNzVHbHdORlM2NlVrb1VqMkMydk8xZ0ZiQ0FsSUpMRnRMNU85YVY2ZnlIWmM1U0FUYlRvK1FzMDJMNVZrdQpIMkU2elFwdmo0ekhtNTh2UjdIci9rMWRMQ1k2SWhuRkZTdzliWjdBeEtnUXF4d0Y5WDZ3VnlMbUxzeWxJNEh2ClFENGdyeFlSdzIyQ3dhMVQzQjJrZ3p6dnVhdkFnMzRwd2UxL1JFMENnWUJVaU1UR2Vxak1VUFFrdURaNzAyZWEKNXFtL28xRGRlT3RId21Md1dxeFVMRW05ZmsxWWtST3A5cmV6ZElGVDdwRmJtbXlWa2JxVkFzdnY5WDRSMk13WgozUDNMR2hySlJBTDRqZDY2a0FFS05LVWNCdW9hVnowZUJpY3Q2TGNEN0dyekZhUlEvSkM2aThHc2VaZWZXZzZhClQ3RDVZdm1OeTR0a3JVQ05GVi9sNFFLQmdCT3pNUTJwRVAzWndVTTJDSUswRWh6RHl6SXVmZXc5aVJUU1FhNDUKMHhGVmdaK1JjTmVMV05mTjRKTXhFY0RoM2ZNVmpVU2lObjhiZDc5N3l0U1AwRUwzNVNWQitiL29ScEprMU12Rgo0S1hrQVlXTTBRUEtCZmQrV0ZqMitvdVVoK3l0cXZXWU5LbS9mcUFPTzdVaDM0blg2YmUvWUFWczdaam1Pd3VTCktWVDFBb0dBUG42dzRpSHpzQWRHUVJULy9GVUh6MUlsMFB2blBnMDhXb3RVK2RqdTJManh3R2J6VVRMQk05YlkKK3FGT0xmQmpOOC9hcUdXWWZIWm5wLzBnMWRGeGdKMWc4QWZhNVNlbEMzRUdXWERiZittMS9ZNDhTYklTNTRDcApTaTZ1aG5mV0RqeUVQd3h3UE42OVpPeXdLTWdxSnhzdmZmUmk5RnRheksvNzZPN1JSNzQ9Ci0tLS0tRU5EIFJTQSBQUklWQVRFIEtFWS0tLS0tCg==",
                            "master_auth.0.cluster_ca_certificate": "LS0tLS1CRUdJTiBDRVJUSUZJQ0FURS0tLS0tCk1JSURDekNDQWZPZ0F3SUJBZ0lRVXVaQnZHd2lHS1p1TUl1UHNPbGt3ekFOQmdrcWhraUc5dzBCQVFzRkFEQXYKTVMwd0t3WURWUVFERXlRMVpUaGlaVFEyWVMweU5tSmpMVFE1WmpNdFlUWmtZUzAzTWpVMFpXSXlZMkZrTmpjdwpIaGNOTVRrd01USTNNREUxTnpBMVdoY05NalF3TVRJMk1ESTFOekExV2pBdk1TMHdLd1lEVlFRREV5UTFaVGhpClpUUTJZUzB5Tm1KakxUUTVaak10WVRaa1lTMDNNalUwWldJeVkyRmtOamN3Z2dFaU1BMEdDU3FHU0liM0RRRUIKQVFVQUE0SUJEd0F3Z2dFS0FvSUJBUURjbmMzQ0xVR2llYXhYNlZXMVJDSlIxRXdPMnplVWh1REx5THltWUJPbQpMZ3BaNHJwbDlxeUZ6bzRuS2NTZEJrYlN5RUN5WC9OV2NIR3NPN3lzS09aRE4wMTRlT0h2czRUN09rdVo0ZDFsCmh0UjdEU3Y4bWlTQUl2NTRBbzhjVStaM1g4Z3pwQjIxQ1hEc2Nhdmg0TFVzVkZYVmtiNkJ0ams1bDQvQ1czNlcKa1JRL0NkQUNMNHpaRytwS2hBWHg5ZUxzN2pmQlhlc01ybm50UDhURHlQYjcvdW1mdW5pSUZML2x2RU5WUDNOUApPU3ppclM3eUpjVFVjc2V4KzRqQUI5QmFCRDlyeXd6WCtZNmdvMXF4MzAvdHV0VitaYVNvQWR0emxOMTl3WHdNCjV3QUNLR0M3dm96aFZxNGpTdTlDRzJhYk5ka0NuWkdFSmhpSkdCR0JZWE1KQWdNQkFBR2pJekFoTUE0R0ExVWQKRHdFQi93UUVBd0lDQkRBUEJnTlZIUk1CQWY4RUJUQURBUUgvTUEwR0NTcUdTSWIzRFFFQkN3VUFBNElCQVFDVQpJd2xZVHIrNFJOS2VyZlV4THNuVXZpdTlqdlgzdWVzUlpZYjQ3dFZ4UUhBRVdCK2dMR0szOVAwUWlYQVdBRzVTCkFraGcvU3BEZ2s1Ym91RWFIbVJQNHVvZlZCWWhCajJaRVI3MjFxMUZ1dDBib2UxVURzUUtWWTRZaXYwLzRVR3EKRmlGNXR6enNtcHNYZ3JGd1ZZK0VYUjV4d1BHUnluUjZiY25LbnJ2SEJVakNLRllQZU8vZnV6bTJKVldMT3hUZwo1cm16TlJ4NnlpUGNhT2h0K0xEN1V6UkJ3aFZ1Tm9RSTdqdlJBTHJCTTFRWGF3ZjJRUEJ6SW1Dc1pzTHVwQkZXCklLY0NoVVJWSGFEVnh5Y2ZmZXVPSnVzc01pUmVhNEhkbHkvUFNqL01vZkNNUHhQbXJqSG00RkJwRVVza1M0RFkKMkc2R012NG9TSmFJSTlDYUUzM3QKLS0tLS1FTkQgQ0VSVElGSUNBVEUtLS0tLQo=",
                            "master_auth.0.password": "8FkauxYUusRDOdGf",
                            "master_auth.0.username": "admin",
                            "master_authorized_networks_config.#": "0",
                            "master_ipv4_cidr_block": "",
                            "master_version": "1.10.11-gke.1",
                            "monitoring_service": "monitoring.googleapis.com",
                            "name": "gke-cluster-1",
                            "network": "projects/clarapcp-ea-ilyas-husein/global/networks/claranet-test",
                            "network_policy.#": "1",
                            "network_policy.0.enabled": "false",
                            "network_policy.0.provider": "PROVIDER_UNSPECIFIED",
                            "node_config.#": "1",
                            "node_config.0.disk_size_gb": "100",
                            "node_config.0.disk_type": "pd-standard",
                            "node_config.0.guest_accelerator.#": "0",
                            "node_config.0.image_type": "COS",
                            "node_config.0.labels.%": "1",
                            "node_config.0.labels.this-is-for": "dev-cluster",
                            "node_config.0.local_ssd_count": "0",
                            "node_config.0.machine_type": "n1-standard-1",
                            "node_config.0.metadata.%": "0",
                            "node_config.0.min_cpu_platform": "",
                            "node_config.0.oauth_scopes.#": "4",
                            "node_config.0.oauth_scopes.1277378754": "https://www.googleapis.com/auth/monitoring",
                            "node_config.0.oauth_scopes.1632638332": "https://www.googleapis.com/auth/devstorage.read_only",
                            "node_config.0.oauth_scopes.172152165": "https://www.googleapis.com/auth/logging.write",
                            "node_config.0.oauth_scopes.299962681": "https://www.googleapis.com/auth/compute",
                            "node_config.0.preemptible": "false",
                            "node_config.0.service_account": "default",
                            "node_config.0.tags.#": "3",
                            "node_config.0.tags.0": "jenkins",
                            "node_config.0.tags.1": "ssh",
                            "node_config.0.tags.2": "http-server",
                            "node_config.0.taint.#": "0",
                            "node_config.0.workload_metadata_config.#": "0",
                            "node_pool.#": "1",
                            "node_pool.0.autoscaling.#": "0",
                            "node_pool.0.initial_node_count": "3",
                            "node_pool.0.instance_group_urls.#": "1",
                            "node_pool.0.instance_group_urls.0": "https://www.googleapis.com/compute/v1/projects/clarapcp-ea-ilyas-husein/zones/europe-west1-b/instanceGroupManagers/gke-gke-cluster-1-default-pool-669981f8-grp",
                            "node_pool.0.management.#": "1",
                            "node_pool.0.management.0.auto_repair": "false",
                            "node_pool.0.management.0.auto_upgrade": "false",
                            "node_pool.0.max_pods_per_node": "0",
                            "node_pool.0.name": "default-pool",
                            "node_pool.0.name_prefix": "",
                            "node_pool.0.node_config.#": "1",
                            "node_pool.0.node_config.0.disk_size_gb": "100",
                            "node_pool.0.node_config.0.disk_type": "pd-standard",
                            "node_pool.0.node_config.0.guest_accelerator.#": "0",
                            "node_pool.0.node_config.0.image_type": "COS",
                            "node_pool.0.node_config.0.labels.%": "1",
                            "node_pool.0.node_config.0.labels.this-is-for": "dev-cluster",
                            "node_pool.0.node_config.0.local_ssd_count": "0",
                            "node_pool.0.node_config.0.machine_type": "n1-standard-1",
                            "node_pool.0.node_config.0.metadata.%": "0",
                            "node_pool.0.node_config.0.min_cpu_platform": "",
                            "node_pool.0.node_config.0.oauth_scopes.#": "4",
                            "node_pool.0.node_config.0.oauth_scopes.1277378754": "https://www.googleapis.com/auth/monitoring",
                            "node_pool.0.node_config.0.oauth_scopes.1632638332": "https://www.googleapis.com/auth/devstorage.read_only",
                            "node_pool.0.node_config.0.oauth_scopes.172152165": "https://www.googleapis.com/auth/logging.write",
                            "node_pool.0.node_config.0.oauth_scopes.299962681": "https://www.googleapis.com/auth/compute",
                            "node_pool.0.node_config.0.preemptible": "false",
                            "node_pool.0.node_config.0.service_account": "default",
                            "node_pool.0.node_config.0.tags.#": "3",
                            "node_pool.0.node_config.0.tags.0": "jenkins",
                            "node_pool.0.node_config.0.tags.1": "ssh",
                            "node_pool.0.node_config.0.tags.2": "http-server",
                            "node_pool.0.node_config.0.taint.#": "0",
                            "node_pool.0.node_config.0.workload_metadata_config.#": "0",
                            "node_pool.0.node_count": "3",
                            "node_pool.0.version": "1.10.11-gke.1",
                            "node_version": "1.10.11-gke.1",
                            "pod_security_policy_config.#": "0",
                            "private_cluster": "false",
                            "private_cluster_config.#": "0",
                            "project": "clarapcp-ea-ilyas-husein",
                            "resource_labels.%": "0",
                            "subnetwork": "projects/clarapcp-ea-ilyas-husein/regions/europe-west1/subnetworks/claranet-test",
                            "zone": "europe-west1-b"
                        },
                        "meta": {
                            "e2bfb730-ecaa-11e6-8f88-34363bc7c4c0": {
                                "create": 1800000000000,
                                "delete": 1800000000000,
                                "update": 600000000000
                            },
                            "schema_version": "1"
                        },
                        "tainted": false
                    },
                    "deposed": [],
                    "provider": "provider.google"
                }
            },
            "depends_on": []
        }
    ]
}
